Microsoft Visual Studio Solution File, Format Version 12.00
# Visual Studio Version 17
VisualStudioVersion = 17.5.2.0
MinimumVisualStudioVersion = 10.0.40219.1
Project("{FAE04EC0-301F-11D3-BF4B-00C04F79EFBC}") = "QuickSort", "QuickSort\QuickSort.csproj", "{7C6DEB8E-FB90-ACBF-23BE-C61CCC1597A0}"
EndProject
Global
	GlobalSection(SolutionConfigurationPlatforms) = preSolution
		Debug|Any CPU = Debug|Any CPU
		Release|Any CPU = Release|Any CPU
	EndGlobalSection
	GlobalSection(ProjectConfigurationPlatforms) = postSolution
		{7C6DEB8E-FB90-ACBF-23BE-C61CCC1597A0}.Debug|Any CPU.ActiveCfg = Debug|Any CPU
		{7C6DEB8E-FB90-ACBF-23BE-C61CCC1597A0}.Debug|Any CPU.Build.0 = Debug|Any CPU
		{7C6DEB8E-FB90-ACBF-23BE-C61CCC1597A0}.Release|Any CPU.ActiveCfg = Release|Any CPU
		{7C6DEB8E-FB90-ACBF-23BE-C61CCC1597A0}.Release|Any CPU.Build.0 = Release|Any CPU
	EndGlobalSection
	GlobalSection(SolutionProperties) = preSolution
		HideSolutionNode = FALSE
	EndGlobalSection
	GlobalSection(ExtensibilityGlobals) = postSolution
		SolutionGuid = {4CEEF596-8180-4A0F-B64F-9EF2571DA06E}
	EndGlobalSection
EndGlobal
