Microsoft Visual Studio Solution File, Format Version 12.00
# Visual Studio Version 17
VisualStudioVersion = 17.5.2.0
MinimumVisualStudioVersion = 10.0.40219.1
Project("{FAE04EC0-301F-11D3-BF4B-00C04F79EFBC}") = "Dicionarios", "Dicionarios.csproj", "{C08A2E19-8A8D-1249-D0BB-74B4C27C2B43}"
EndProject
Global
	GlobalSection(SolutionConfigurationPlatforms) = preSolution
		Debug|Any CPU = Debug|Any CPU
		Release|Any CPU = Release|Any CPU
	EndGlobalSection
	GlobalSection(ProjectConfigurationPlatforms) = postSolution
		{C08A2E19-8A8D-1249-D0BB-74B4C27C2B43}.Debug|Any CPU.ActiveCfg = Debug|Any CPU
		{C08A2E19-8A8D-1249-D0BB-74B4C27C2B43}.Debug|Any CPU.Build.0 = Debug|Any CPU
		{C08A2E19-8A8D-1249-D0BB-74B4C27C2B43}.Release|Any CPU.ActiveCfg = Release|Any CPU
		{C08A2E19-8A8D-1249-D0BB-74B4C27C2B43}.Release|Any CPU.Build.0 = Release|Any CPU
	EndGlobalSection
	GlobalSection(SolutionProperties) = preSolution
		HideSolutionNode = FALSE
	EndGlobalSection
	GlobalSection(ExtensibilityGlobals) = postSolution
		SolutionGuid = {729A83C0-6AFF-4D47-8020-859C9D6DFCA0}
	EndGlobalSection
EndGlobal
