Microsoft Visual Studio Solution File, Format Version 12.00
# Visual Studio Version 17
VisualStudioVersion = 17.5.2.0
MinimumVisualStudioVersion = 10.0.40219.1
Project("{FAE04EC0-301F-11D3-BF4B-00C04F79EFBC}") = "SelectionSort", "SelectionSort\SelectionSort.csproj", "{3C3CAB99-8A16-534C-4A97-BB653BA0DF0E}"
EndProject
Global
	GlobalSection(SolutionConfigurationPlatforms) = preSolution
		Debug|Any CPU = Debug|Any CPU
		Release|Any CPU = Release|Any CPU
	EndGlobalSection
	GlobalSection(ProjectConfigurationPlatforms) = postSolution
		{3C3CAB99-8A16-534C-4A97-BB653BA0DF0E}.Debug|Any CPU.ActiveCfg = Debug|Any CPU
		{3C3CAB99-8A16-534C-4A97-BB653BA0DF0E}.Debug|Any CPU.Build.0 = Debug|Any CPU
		{3C3CAB99-8A16-534C-4A97-BB653BA0DF0E}.Release|Any CPU.ActiveCfg = Release|Any CPU
		{3C3CAB99-8A16-534C-4A97-BB653BA0DF0E}.Release|Any CPU.Build.0 = Release|Any CPU
	EndGlobalSection
	GlobalSection(SolutionProperties) = preSolution
		HideSolutionNode = FALSE
	EndGlobalSection
	GlobalSection(ExtensibilityGlobals) = postSolution
		SolutionGuid = {0E0521BB-1101-4D5C-AA96-893E44EDAD0B}
	EndGlobalSection
EndGlobal
