Microsoft Visual Studio Solution File, Format Version 12.00
# Visual Studio Version 17
VisualStudioVersion = 17.5.2.0
MinimumVisualStudioVersion = 10.0.40219.1
Project("{FAE04EC0-301F-11D3-BF4B-00C04F79EFBC}") = "Bubbles", "Bubbles\Bubbles.csproj", "{6BC90A3E-2112-78B1-D019-680FD225B891}"
EndProject
Global
	GlobalSection(SolutionConfigurationPlatforms) = preSolution
		Debug|Any CPU = Debug|Any CPU
		Release|Any CPU = Release|Any CPU
	EndGlobalSection
	GlobalSection(ProjectConfigurationPlatforms) = postSolution
		{6BC90A3E-2112-78B1-D019-680FD225B891}.Debug|Any CPU.ActiveCfg = Debug|Any CPU
		{6BC90A3E-2112-78B1-D019-680FD225B891}.Debug|Any CPU.Build.0 = Debug|Any CPU
		{6BC90A3E-2112-78B1-D019-680FD225B891}.Release|Any CPU.ActiveCfg = Release|Any CPU
		{6BC90A3E-2112-78B1-D019-680FD225B891}.Release|Any CPU.Build.0 = Release|Any CPU
	EndGlobalSection
	GlobalSection(SolutionProperties) = preSolution
		HideSolutionNode = FALSE
	EndGlobalSection
	GlobalSection(ExtensibilityGlobals) = postSolution
		SolutionGuid = {34D0B370-3308-4FC7-93B0-65AD53148837}
	EndGlobalSection
EndGlobal
