Microsoft Visual Studio Solution File, Format Version 12.00
# Visual Studio Version 17
VisualStudioVersion = 17.5.2.0
MinimumVisualStudioVersion = 10.0.40219.1
Project("{FAE04EC0-301F-11D3-BF4B-00C04F79EFBC}") = "Sentinela", "Sentinela\Sentinela.csproj", "{C9A0B0A2-B2DB-855F-7E85-80A01BF16CD9}"
EndProject
Global
	GlobalSection(SolutionConfigurationPlatforms) = preSolution
		Debug|Any CPU = Debug|Any CPU
		Release|Any CPU = Release|Any CPU
	EndGlobalSection
	GlobalSection(ProjectConfigurationPlatforms) = postSolution
		{C9A0B0A2-B2DB-855F-7E85-80A01BF16CD9}.Debug|Any CPU.ActiveCfg = Debug|Any CPU
		{C9A0B0A2-B2DB-855F-7E85-80A01BF16CD9}.Debug|Any CPU.Build.0 = Debug|Any CPU
		{C9A0B0A2-B2DB-855F-7E85-80A01BF16CD9}.Release|Any CPU.ActiveCfg = Release|Any CPU
		{C9A0B0A2-B2DB-855F-7E85-80A01BF16CD9}.Release|Any CPU.Build.0 = Release|Any CPU
	EndGlobalSection
	GlobalSection(SolutionProperties) = preSolution
		HideSolutionNode = FALSE
	EndGlobalSection
	GlobalSection(ExtensibilityGlobals) = postSolution
		SolutionGuid = {F63DA02F-AD8B-4A3F-B5F9-C83A95D07E54}
	EndGlobalSection
EndGlobal
